
Microsoft Visual Studio Solution File, Format Version 12.00
# Visual Studio Version 16
VisualStudioVersion = 16.0.31025.194
MinimumVisualStudioVersion = 10.0.40219.1
Project("{FAE04EC0-301F-11D3-BF4B-00C04F79EFBC}") = "ToDo-Project", "ToDo-Project.csproj", "{AA35154F-1B66-4F8C-B720-963D94ECE2B8}"
EndProject
Global
	GlobalSection(SolutionConfigurationPlatforms) = preSolution
		Debug|Any CPU = Debug|Any CPU
		Release|Any CPU = Release|Any CPU
	EndGlobalSection
	GlobalSection(ProjectConfigurationPlatforms) = postSolution
		{AA35154F-1B66-4F8C-B720-963D94ECE2B8}.Debug|Any CPU.ActiveCfg = Debug|Any CPU
		{AA35154F-1B66-4F8C-B720-963D94ECE2B8}.Debug|Any CPU.Build.0 = Debug|Any CPU
		{AA35154F-1B66-4F8C-B720-963D94ECE2B8}.Release|Any CPU.ActiveCfg = Release|Any CPU
		{AA35154F-1B66-4F8C-B720-963D94ECE2B8}.Release|Any CPU.Build.0 = Release|Any CPU
	EndGlobalSection
	GlobalSection(SolutionProperties) = preSolution
		HideSolutionNode = FALSE
	EndGlobalSection
	GlobalSection(ExtensibilityGlobals) = postSolution
		SolutionGuid = {816FF66B-386F-4FBF-9C0F-8D90A9AED3CB}
	EndGlobalSection
EndGlobal
